
Microsoft Visual Studio Solution File, Format Version 12.00
# Visual Studio 2012
Project("{FAE04EC0-301F-11D3-BF4B-00C04F79EFBC}") = "Ejercicio_50", "Ejercicio_50\Ejercicio_50.csproj", "{6CE1098A-A47D-4342-A408-27AEE68A4B6F}"
EndProject
Project("{FAE04EC0-301F-11D3-BF4B-00C04F79EFBC}") = "Ejercicio_55", "Ejercicio_55\Ejercicio_55.csproj", "{0C69BDBA-1B58-42A5-8BE1-18747E2A28EC}"
EndProject
Global
	GlobalSection(SolutionConfigurationPlatforms) = preSolution
		Debug|Any CPU = Debug|Any CPU
		Release|Any CPU = Release|Any CPU
	EndGlobalSection
	GlobalSection(ProjectConfigurationPlatforms) = postSolution
		{6CE1098A-A47D-4342-A408-27AEE68A4B6F}.Debug|Any CPU.ActiveCfg = Debug|Any CPU
		{6CE1098A-A47D-4342-A408-27AEE68A4B6F}.Debug|Any CPU.Build.0 = Debug|Any CPU
		{6CE1098A-A47D-4342-A408-27AEE68A4B6F}.Release|Any CPU.ActiveCfg = Release|Any CPU
		{6CE1098A-A47D-4342-A408-27AEE68A4B6F}.Release|Any CPU.Build.0 = Release|Any CPU
		{0C69BDBA-1B58-42A5-8BE1-18747E2A28EC}.Debug|Any CPU.ActiveCfg = Debug|Any CPU
		{0C69BDBA-1B58-42A5-8BE1-18747E2A28EC}.Debug|Any CPU.Build.0 = Debug|Any CPU
		{0C69BDBA-1B58-42A5-8BE1-18747E2A28EC}.Release|Any CPU.ActiveCfg = Release|Any CPU
		{0C69BDBA-1B58-42A5-8BE1-18747E2A28EC}.Release|Any CPU.Build.0 = Release|Any CPU
	EndGlobalSection
	GlobalSection(SolutionProperties) = preSolution
		HideSolutionNode = FALSE
	EndGlobalSection
EndGlobal
