
Microsoft Visual Studio Solution File, Format Version 12.00
# Visual Studio 2012
Project("{FAE04EC0-301F-11D3-BF4B-00C04F79EFBC}") = "WindowsFormsApplication1", "WindowsFormsApplication1\WindowsFormsApplication1.csproj", "{283EAB22-C8D2-44E8-BD13-0A12FD488432}"
EndProject
Project("{FAE04EC0-301F-11D3-BF4B-00C04F79EFBC}") = "ConsoleApplication1", "E:\TSP\Cuatrimestre II\Laboratorio II\Guia\Ejercicio22\ConsoleApplication1\ConsoleApplication1.csproj", "{2EDC945E-EF38-4AE7-8317-78812E0B1415}"
EndProject
Global
	GlobalSection(SolutionConfigurationPlatforms) = preSolution
		Debug|Any CPU = Debug|Any CPU
		Release|Any CPU = Release|Any CPU
	EndGlobalSection
	GlobalSection(ProjectConfigurationPlatforms) = postSolution
		{283EAB22-C8D2-44E8-BD13-0A12FD488432}.Debug|Any CPU.ActiveCfg = Debug|Any CPU
		{283EAB22-C8D2-44E8-BD13-0A12FD488432}.Debug|Any CPU.Build.0 = Debug|Any CPU
		{283EAB22-C8D2-44E8-BD13-0A12FD488432}.Release|Any CPU.ActiveCfg = Release|Any CPU
		{283EAB22-C8D2-44E8-BD13-0A12FD488432}.Release|Any CPU.Build.0 = Release|Any CPU
		{2EDC945E-EF38-4AE7-8317-78812E0B1415}.Debug|Any CPU.ActiveCfg = Debug|Any CPU
		{2EDC945E-EF38-4AE7-8317-78812E0B1415}.Debug|Any CPU.Build.0 = Debug|Any CPU
		{2EDC945E-EF38-4AE7-8317-78812E0B1415}.Release|Any CPU.ActiveCfg = Release|Any CPU
		{2EDC945E-EF38-4AE7-8317-78812E0B1415}.Release|Any CPU.Build.0 = Release|Any CPU
	EndGlobalSection
	GlobalSection(SolutionProperties) = preSolution
		HideSolutionNode = FALSE
	EndGlobalSection
EndGlobal
