
Microsoft Visual Studio Solution File, Format Version 12.00
# Visual Studio 2012
Project("{FAE04EC0-301F-11D3-BF4B-00C04F79EFBC}") = "Diccionario", "Diccionario\Diccionario.csproj", "{22B2EB39-B34F-4CE5-B6C2-EEF929CC11AF}"
EndProject
Global
	GlobalSection(SolutionConfigurationPlatforms) = preSolution
		Debug|Any CPU = Debug|Any CPU
		Release|Any CPU = Release|Any CPU
	EndGlobalSection
	GlobalSection(ProjectConfigurationPlatforms) = postSolution
		{22B2EB39-B34F-4CE5-B6C2-EEF929CC11AF}.Debug|Any CPU.ActiveCfg = Debug|Any CPU
		{22B2EB39-B34F-4CE5-B6C2-EEF929CC11AF}.Debug|Any CPU.Build.0 = Debug|Any CPU
		{22B2EB39-B34F-4CE5-B6C2-EEF929CC11AF}.Release|Any CPU.ActiveCfg = Release|Any CPU
		{22B2EB39-B34F-4CE5-B6C2-EEF929CC11AF}.Release|Any CPU.Build.0 = Release|Any CPU
	EndGlobalSection
	GlobalSection(SolutionProperties) = preSolution
		HideSolutionNode = FALSE
	EndGlobalSection
EndGlobal
