
Microsoft Visual Studio Solution File, Format Version 12.00
# Visual Studio 2012
Project("{FAE04EC0-301F-11D3-BF4B-00C04F79EFBC}") = "Ej_Clase_17", "Ej_Clase_17\Ej_Clase_17.csproj", "{6ECB30F2-1DEA-491F-B3FA-B20E181F74E1}"
EndProject
Global
	GlobalSection(SolutionConfigurationPlatforms) = preSolution
		Debug|Any CPU = Debug|Any CPU
		Release|Any CPU = Release|Any CPU
	EndGlobalSection
	GlobalSection(ProjectConfigurationPlatforms) = postSolution
		{6ECB30F2-1DEA-491F-B3FA-B20E181F74E1}.Debug|Any CPU.ActiveCfg = Debug|Any CPU
		{6ECB30F2-1DEA-491F-B3FA-B20E181F74E1}.Debug|Any CPU.Build.0 = Debug|Any CPU
		{6ECB30F2-1DEA-491F-B3FA-B20E181F74E1}.Release|Any CPU.ActiveCfg = Release|Any CPU
		{6ECB30F2-1DEA-491F-B3FA-B20E181F74E1}.Release|Any CPU.Build.0 = Release|Any CPU
	EndGlobalSection
	GlobalSection(SolutionProperties) = preSolution
		HideSolutionNode = FALSE
	EndGlobalSection
EndGlobal
